
Microsoft Visual Studio Solution File, Format Version 12.00
# Visual Studio 14
VisualStudioVersion = 14.0.25420.1
MinimumVisualStudioVersion = 10.0.40219.1
Project("{FAE04EC0-301F-11D3-BF4B-00C04F79EFBC}") = "VidaLink.Application", "VidaLink\VidaLink.Application.csproj", "{EEE6C878-078B-499A-AE64-C26C7D77D965}"
EndProject
Project("{2150E333-8FDC-42A3-9474-1A3956D46DE8}") = "ApplicationLayers", "ApplicationLayers", "{C7A10A2B-4D3D-480A-B4E1-DB56D0AA60C2}"
EndProject
Project("{2150E333-8FDC-42A3-9474-1A3956D46DE8}") = "Application", "Application", "{C47BB947-FBAB-46A7-9D62-F7E7385B3E5E}"
EndProject
Project("{2150E333-8FDC-42A3-9474-1A3956D46DE8}") = "Business", "Business", "{4C419058-4DF4-49D2-ACCE-641EE9BE51DD}"
EndProject
Project("{2150E333-8FDC-42A3-9474-1A3956D46DE8}") = "Data", "Data", "{6CD02026-87A6-47A7-8C35-61FFF7879043}"
EndProject
Project("{2150E333-8FDC-42A3-9474-1A3956D46DE8}") = "Domain", "Domain", "{D5BD1C0B-EFA6-4CD4-8756-F84036DE00B7}"
EndProject
Project("{2150E333-8FDC-42A3-9474-1A3956D46DE8}") = "CommonLayers", "CommonLayers", "{5EE7E8D0-8AEC-41A9-931D-01E047B00640}"
EndProject
Project("{FAE04EC0-301F-11D3-BF4B-00C04F79EFBC}") = "VidaLink.Infra.Util", "VidaLink.Infra.Util\VidaLink.Infra.Util.csproj", "{6CE09DAB-282B-4ADA-B343-ADA5B8028A70}"
EndProject
Project("{FAE04EC0-301F-11D3-BF4B-00C04F79EFBC}") = "VidaLink.Infra.Log", "VidaLink.Infra.Log\VidaLink.Infra.Log.csproj", "{47041872-B7DA-44B4-B84E-E29FD0B68852}"
EndProject
Project("{FAE04EC0-301F-11D3-BF4B-00C04F79EFBC}") = "VidaLink.Infra.Ioc", "VidaLink.Infra.Ioc\VidaLink.Infra.Ioc.csproj", "{2FFF67AE-A845-4111-8C79-818C20D347C6}"
EndProject
Project("{FAE04EC0-301F-11D3-BF4B-00C04F79EFBC}") = "VidaLink.Domain", "VidaLink.Domain\VidaLink.Domain.csproj", "{77C168E1-9905-4C50-AAE6-AFEAC9DB73E6}"
EndProject
Project("{FAE04EC0-301F-11D3-BF4B-00C04F79EFBC}") = "VidaLink.DAL", "VidaLink.DAL\VidaLink.DAL.csproj", "{DF6AFD0F-1B18-44A9-8D85-C64EB1F21DF8}"
EndProject
Global
	GlobalSection(SolutionConfigurationPlatforms) = preSolution
		Debug|Any CPU = Debug|Any CPU
		Release|Any CPU = Release|Any CPU
	EndGlobalSection
	GlobalSection(ProjectConfigurationPlatforms) = postSolution
		{EEE6C878-078B-499A-AE64-C26C7D77D965}.Debug|Any CPU.ActiveCfg = Debug|Any CPU
		{EEE6C878-078B-499A-AE64-C26C7D77D965}.Debug|Any CPU.Build.0 = Debug|Any CPU
		{EEE6C878-078B-499A-AE64-C26C7D77D965}.Release|Any CPU.ActiveCfg = Release|Any CPU
		{EEE6C878-078B-499A-AE64-C26C7D77D965}.Release|Any CPU.Build.0 = Release|Any CPU
		{6CE09DAB-282B-4ADA-B343-ADA5B8028A70}.Debug|Any CPU.ActiveCfg = Debug|Any CPU
		{6CE09DAB-282B-4ADA-B343-ADA5B8028A70}.Debug|Any CPU.Build.0 = Debug|Any CPU
		{6CE09DAB-282B-4ADA-B343-ADA5B8028A70}.Release|Any CPU.ActiveCfg = Release|Any CPU
		{6CE09DAB-282B-4ADA-B343-ADA5B8028A70}.Release|Any CPU.Build.0 = Release|Any CPU
		{47041872-B7DA-44B4-B84E-E29FD0B68852}.Debug|Any CPU.ActiveCfg = Debug|Any CPU
		{47041872-B7DA-44B4-B84E-E29FD0B68852}.Debug|Any CPU.Build.0 = Debug|Any CPU
		{47041872-B7DA-44B4-B84E-E29FD0B68852}.Release|Any CPU.ActiveCfg = Release|Any CPU
		{47041872-B7DA-44B4-B84E-E29FD0B68852}.Release|Any CPU.Build.0 = Release|Any CPU
		{2FFF67AE-A845-4111-8C79-818C20D347C6}.Debug|Any CPU.ActiveCfg = Debug|Any CPU
		{2FFF67AE-A845-4111-8C79-818C20D347C6}.Debug|Any CPU.Build.0 = Debug|Any CPU
		{2FFF67AE-A845-4111-8C79-818C20D347C6}.Release|Any CPU.ActiveCfg = Release|Any CPU
		{2FFF67AE-A845-4111-8C79-818C20D347C6}.Release|Any CPU.Build.0 = Release|Any CPU
		{77C168E1-9905-4C50-AAE6-AFEAC9DB73E6}.Debug|Any CPU.ActiveCfg = Debug|Any CPU
		{77C168E1-9905-4C50-AAE6-AFEAC9DB73E6}.Debug|Any CPU.Build.0 = Debug|Any CPU
		{77C168E1-9905-4C50-AAE6-AFEAC9DB73E6}.Release|Any CPU.ActiveCfg = Release|Any CPU
		{77C168E1-9905-4C50-AAE6-AFEAC9DB73E6}.Release|Any CPU.Build.0 = Release|Any CPU
		{DF6AFD0F-1B18-44A9-8D85-C64EB1F21DF8}.Debug|Any CPU.ActiveCfg = Debug|Any CPU
		{DF6AFD0F-1B18-44A9-8D85-C64EB1F21DF8}.Debug|Any CPU.Build.0 = Debug|Any CPU
		{DF6AFD0F-1B18-44A9-8D85-C64EB1F21DF8}.Release|Any CPU.ActiveCfg = Release|Any CPU
		{DF6AFD0F-1B18-44A9-8D85-C64EB1F21DF8}.Release|Any CPU.Build.0 = Release|Any CPU
	EndGlobalSection
	GlobalSection(SolutionProperties) = preSolution
		HideSolutionNode = FALSE
	EndGlobalSection
	GlobalSection(NestedProjects) = preSolution
		{EEE6C878-078B-499A-AE64-C26C7D77D965} = {C47BB947-FBAB-46A7-9D62-F7E7385B3E5E}
		{C47BB947-FBAB-46A7-9D62-F7E7385B3E5E} = {C7A10A2B-4D3D-480A-B4E1-DB56D0AA60C2}
		{4C419058-4DF4-49D2-ACCE-641EE9BE51DD} = {C7A10A2B-4D3D-480A-B4E1-DB56D0AA60C2}
		{6CD02026-87A6-47A7-8C35-61FFF7879043} = {C7A10A2B-4D3D-480A-B4E1-DB56D0AA60C2}
		{D5BD1C0B-EFA6-4CD4-8756-F84036DE00B7} = {C7A10A2B-4D3D-480A-B4E1-DB56D0AA60C2}
		{6CE09DAB-282B-4ADA-B343-ADA5B8028A70} = {5EE7E8D0-8AEC-41A9-931D-01E047B00640}
		{47041872-B7DA-44B4-B84E-E29FD0B68852} = {5EE7E8D0-8AEC-41A9-931D-01E047B00640}
		{2FFF67AE-A845-4111-8C79-818C20D347C6} = {5EE7E8D0-8AEC-41A9-931D-01E047B00640}
		{77C168E1-9905-4C50-AAE6-AFEAC9DB73E6} = {D5BD1C0B-EFA6-4CD4-8756-F84036DE00B7}
		{DF6AFD0F-1B18-44A9-8D85-C64EB1F21DF8} = {6CD02026-87A6-47A7-8C35-61FFF7879043}
	EndGlobalSection
EndGlobal
